
Microsoft Visual Studio Solution File, Format Version 12.00
# Visual Studio Version 16
VisualStudioVersion = 16.0.30128.74
MinimumVisualStudioVersion = 10.0.40219.1
Project("{FAE04EC0-301F-11D3-BF4B-00C04F79EFBC}") = "Upload Angajati", "Upload Angajati\Upload Angajati.csproj", "{0D19DA6E-EE27-4D86-BE04-1E5AB9ED9D0F}"
EndProject
Global
	GlobalSection(SolutionConfigurationPlatforms) = preSolution
		Debug|Any CPU = Debug|Any CPU
		Release|Any CPU = Release|Any CPU
	EndGlobalSection
	GlobalSection(ProjectConfigurationPlatforms) = postSolution
		{0D19DA6E-EE27-4D86-BE04-1E5AB9ED9D0F}.Debug|Any CPU.ActiveCfg = Debug|Any CPU
		{0D19DA6E-EE27-4D86-BE04-1E5AB9ED9D0F}.Debug|Any CPU.Build.0 = Debug|Any CPU
		{0D19DA6E-EE27-4D86-BE04-1E5AB9ED9D0F}.Release|Any CPU.ActiveCfg = Release|Any CPU
		{0D19DA6E-EE27-4D86-BE04-1E5AB9ED9D0F}.Release|Any CPU.Build.0 = Release|Any CPU
	EndGlobalSection
	GlobalSection(SolutionProperties) = preSolution
		HideSolutionNode = FALSE
	EndGlobalSection
	GlobalSection(ExtensibilityGlobals) = postSolution
		SolutionGuid = {A7BC5E5C-AB1B-4672-ABBA-D3AEC499CABE}
	EndGlobalSection
EndGlobal
